
Microsoft Visual Studio Solution File, Format Version 12.00
# Visual Studio Version 17
VisualStudioVersion = 17.3.32901.215
MinimumVisualStudioVersion = 10.0.40219.1
Project("{8BC9CEB8-8B4A-11D0-8D11-00A0C91BC942}") = "CGT215_Lab8", "CGT215_Lab8.vcxproj", "{E37226D7-C901-45EC-87FA-013BA2012772}"
EndProject
Global
	GlobalSection(SolutionConfigurationPlatforms) = preSolution
		Debug|x64 = Debug|x64
		Debug|x86 = Debug|x86
		Release|x64 = Release|x64
		Release|x86 = Release|x86
	EndGlobalSection
	GlobalSection(ProjectConfigurationPlatforms) = postSolution
		{E37226D7-C901-45EC-87FA-013BA2012772}.Debug|x64.ActiveCfg = Debug|x64
		{E37226D7-C901-45EC-87FA-013BA2012772}.Debug|x64.Build.0 = Debug|x64
		{E37226D7-C901-45EC-87FA-013BA2012772}.Debug|x86.ActiveCfg = Debug|Win32
		{E37226D7-C901-45EC-87FA-013BA2012772}.Debug|x86.Build.0 = Debug|Win32
		{E37226D7-C901-45EC-87FA-013BA2012772}.Release|x64.ActiveCfg = Release|x64
		{E37226D7-C901-45EC-87FA-013BA2012772}.Release|x64.Build.0 = Release|x64
		{E37226D7-C901-45EC-87FA-013BA2012772}.Release|x86.ActiveCfg = Release|Win32
		{E37226D7-C901-45EC-87FA-013BA2012772}.Release|x86.Build.0 = Release|Win32
	EndGlobalSection
	GlobalSection(SolutionProperties) = preSolution
		HideSolutionNode = FALSE
	EndGlobalSection
	GlobalSection(ExtensibilityGlobals) = postSolution
		SolutionGuid = {7ED68FD7-3F2B-47BD-9480-E1A460503765}
	EndGlobalSection
EndGlobal
